
Microsoft Visual Studio Solution File, Format Version 12.00
# Visual Studio Version 17
VisualStudioVersion = 17.8.34309.116
MinimumVisualStudioVersion = 10.0.40219.1
Project("{9A19103F-16F7-4668-BE54-9A1E7A4F7556}") = "LeggySetLib", "LeggySetLib\LeggySetLib.csproj", "{BD63361B-45FB-442C-917F-4D14074CC634}"
EndProject
Project("{9A19103F-16F7-4668-BE54-9A1E7A4F7556}") = "TestLeggySetLib", "TestLeggySetLib\TestLeggySetLib.csproj", "{87BC96CB-0E8D-4842-88B3-CC98E4B47BF4}"
EndProject
Global
	GlobalSection(SolutionConfigurationPlatforms) = preSolution
		Debug|Any CPU = Debug|Any CPU
		Release|Any CPU = Release|Any CPU
	EndGlobalSection
	GlobalSection(ProjectConfigurationPlatforms) = postSolution
		{BD63361B-45FB-442C-917F-4D14074CC634}.Debug|Any CPU.ActiveCfg = Release|Any CPU
		{BD63361B-45FB-442C-917F-4D14074CC634}.Debug|Any CPU.Build.0 = Release|Any CPU
		{BD63361B-45FB-442C-917F-4D14074CC634}.Release|Any CPU.ActiveCfg = Release|Any CPU
		{BD63361B-45FB-442C-917F-4D14074CC634}.Release|Any CPU.Build.0 = Release|Any CPU
		{87BC96CB-0E8D-4842-88B3-CC98E4B47BF4}.Debug|Any CPU.ActiveCfg = Debug|Any CPU
		{87BC96CB-0E8D-4842-88B3-CC98E4B47BF4}.Debug|Any CPU.Build.0 = Debug|Any CPU
		{87BC96CB-0E8D-4842-88B3-CC98E4B47BF4}.Release|Any CPU.ActiveCfg = Release|Any CPU
		{87BC96CB-0E8D-4842-88B3-CC98E4B47BF4}.Release|Any CPU.Build.0 = Release|Any CPU
	EndGlobalSection
	GlobalSection(SolutionProperties) = preSolution
		HideSolutionNode = FALSE
	EndGlobalSection
	GlobalSection(ExtensibilityGlobals) = postSolution
		SolutionGuid = {D983708F-5948-4886-84A2-F85065806E28}
	EndGlobalSection
EndGlobal
